
Microsoft Visual Studio Solution File, Format Version 12.00
# Visual Studio 15
VisualStudioVersion = 15.0.27130.2027
MinimumVisualStudioVersion = 10.0.40219.1
Project("{FAE04EC0-301F-11D3-BF4B-00C04F79EFBC}") = "Simple Injector", "Simple Injector\Simple Injector.csproj", "{A03485C1-F807-44C5-B4AB-945F1F0BBAB7}"
EndProject
Global
	GlobalSection(SolutionConfigurationPlatforms) = preSolution
		Debug|Any CPU = Debug|Any CPU
		Release|Any CPU = Release|Any CPU
	EndGlobalSection
	GlobalSection(ProjectConfigurationPlatforms) = postSolution
		{A03485C1-F807-44C5-B4AB-945F1F0BBAB7}.Debug|Any CPU.ActiveCfg = Debug|Any CPU
		{A03485C1-F807-44C5-B4AB-945F1F0BBAB7}.Debug|Any CPU.Build.0 = Debug|Any CPU
		{A03485C1-F807-44C5-B4AB-945F1F0BBAB7}.Release|Any CPU.ActiveCfg = Release|Any CPU
		{A03485C1-F807-44C5-B4AB-945F1F0BBAB7}.Release|Any CPU.Build.0 = Release|Any CPU
	EndGlobalSection
	GlobalSection(SolutionProperties) = preSolution
		HideSolutionNode = FALSE
	EndGlobalSection
	GlobalSection(ExtensibilityGlobals) = postSolution
		SolutionGuid = {4340C331-6F5E-428E-BF25-4715A887CB6F}
	EndGlobalSection
EndGlobal
